// !$*UTF8*$!
{
	archiveVersion = 1;
	classes = {
	};
	objectVersion = 46;
	objects = {

/* Begin PBXBuildFile section */
		F2F7070E16075D6700FCE6E3 /* Cocoa.framework in Frameworks */ = {isa = PBXBuildFile; fileRef = F2F7070D16075D6700FCE6E3 /* Cocoa.framework */; };
		F2F7071816075D6700FCE6E3 /* InfoPlist.strings in Resources */ = {isa = PBXBuildFile; fileRef = F2F7071616075D6700FCE6E3 /* InfoPlist.strings */; };
		F2F7071C16075D6700FCE6E3 /* ANE_OSX.m in Sources */ = {isa = PBXBuildFile; fileRef = F2F7071B16075D6700FCE6E3 /* ANE_OSX.m */; };
		F2F7072416075D6700FCE6E3 /* SenTestingKit.framework in Frameworks */ = {isa = PBXBuildFile; fileRef = F2F7072316075D6700FCE6E3 /* SenTestingKit.framework */; };
		F2F7072516075D6700FCE6E3 /* Cocoa.framework in Frameworks */ = {isa = PBXBuildFile; fileRef = F2F7070D16075D6700FCE6E3 /* Cocoa.framework */; };
		F2F7072816075D6700FCE6E3 /* ANE_OSX.framework in Frameworks */ = {isa = PBXBuildFile; fileRef = F2F7070A16075D6700FCE6E3 /* ANE_OSX.framework */; };
		F2F7072E16075D6700FCE6E3 /* InfoPlist.strings in Resources */ = {isa = PBXBuildFile; fileRef = F2F7072C16075D6700FCE6E3 /* InfoPlist.strings */; };
		F2F7073116075D6700FCE6E3 /* ANE_OSXTests.m in Sources */ = {isa = PBXBuildFile; fileRef = F2F7073016075D6700FCE6E3 /* ANE_OSXTests.m */; };
		F2F7073B1607633700FCE6E3 /* Adobe AIR in Frameworks */ = {isa = PBXBuildFile; fileRef = F2F7073A1607633700FCE6E3 /* Adobe AIR */; };
		F2F7073E160764EF00FCE6E3 /* ANE_OSX.c in Sources */ = {isa = PBXBuildFile; fileRef = F2F7073C160764EF00FCE6E3 /* ANE_OSX.c */; };
/* End PBXBuildFile section */

/* Begin PBXContainerItemProxy section */
		F2F7072616075D6700FCE6E3 /* PBXContainerItemProxy */ = {
			isa = PBXContainerItemProxy;
			containerPortal = F2F7070016075D6700FCE6E3 /* Project object */;
			proxyType = 1;
			remoteGlobalIDString = F2F7070916075D6700FCE6E3;
			remoteInfo = ANE_OSX;
		};
/* End PBXContainerItemProxy section */

/* Begin PBXFileReference section */
		F2F7070A16075D6700FCE6E3 /* ANE_OSX.framework */ = {isa = PBXFileReference; explicitFileType = wrapper.framework; includeInIndex = 0; path = ANE_OSX.framework; sourceTree = BUILT_PRODUCTS_DIR; };
		F2F7070D16075D6700FCE6E3 /* Cocoa.framework */ = {isa = PBXFileReference; lastKnownFileType = wrapper.framework; name = Cocoa.framework; path = System/Library/Frameworks/Cocoa.framework; sourceTree = SDKROOT; };
		F2F7071016075D6700FCE6E3 /* AppKit.framework */ = {isa = PBXFileReference; lastKnownFileType = wrapper.framework; name = AppKit.framework; path = System/Library/Frameworks/AppKit.framework; sourceTree = SDKROOT; };
		F2F7071116075D6700FCE6E3 /* CoreData.framework */ = {isa = PBXFileReference; lastKnownFileType = wrapper.framework; name = CoreData.framework; path = System/Library/Frameworks/CoreData.framework; sourceTree = SDKROOT; };
		F2F7071216075D6700FCE6E3 /* Foundation.framework */ = {isa = PBXFileReference; lastKnownFileType = wrapper.framework; name = Foundation.framework; path = System/Library/Frameworks/Foundation.framework; sourceTree = SDKROOT; };
		F2F7071516075D6700FCE6E3 /* ANE_OSX-Info.plist */ = {isa = PBXFileReference; lastKnownFileType = text.plist.xml; path = "ANE_OSX-Info.plist"; sourceTree = "<group>"; };
		F2F7071716075D6700FCE6E3 /* en */ = {isa = PBXFileReference; lastKnownFileType = text.plist.strings; name = en; path = en.lproj/InfoPlist.strings; sourceTree = "<group>"; };
		F2F7071916075D6700FCE6E3 /* ANE_OSX-Prefix.pch */ = {isa = PBXFileReference; lastKnownFileType = sourcecode.c.h; path = "ANE_OSX-Prefix.pch"; sourceTree = "<group>"; };
		F2F7071A16075D6700FCE6E3 /* ANE_OSX.h */ = {isa = PBXFileReference; lastKnownFileType = sourcecode.c.h; path = ANE_OSX.h; sourceTree = "<group>"; };
		F2F7071B16075D6700FCE6E3 /* ANE_OSX.m */ = {isa = PBXFileReference; lastKnownFileType = sourcecode.c.objc; path = ANE_OSX.m; sourceTree = "<group>"; };
		F2F7072216075D6700FCE6E3 /* ANE_OSXTests.octest */ = {isa = PBXFileReference; explicitFileType = wrapper.cfbundle; includeInIndex = 0; path = ANE_OSXTests.octest; sourceTree = BUILT_PRODUCTS_DIR; };
		F2F7072316075D6700FCE6E3 /* SenTestingKit.framework */ = {isa = PBXFileReference; lastKnownFileType = wrapper.framework; name = SenTestingKit.framework; path = Library/Frameworks/SenTestingKit.framework; sourceTree = DEVELOPER_DIR; };
		F2F7072B16075D6700FCE6E3 /* ANE_OSXTests-Info.plist */ = {isa = PBXFileReference; lastKnownFileType = text.plist.xml; path = "ANE_OSXTests-Info.plist"; sourceTree = "<group>"; };
		F2F7072D16075D6700FCE6E3 /* en */ = {isa = PBXFileReference; lastKnownFileType = text.plist.strings; name = en; path = en.lproj/InfoPlist.strings; sourceTree = "<group>"; };
		F2F7072F16075D6700FCE6E3 /* ANE_OSXTests.h */ = {isa = PBXFileReference; lastKnownFileType = sourcecode.c.h; path = ANE_OSXTests.h; sourceTree = "<group>"; };
		F2F7073016075D6700FCE6E3 /* ANE_OSXTests.m */ = {isa = PBXFileReference; lastKnownFileType = sourcecode.c.objc; path = ANE_OSXTests.m; sourceTree = "<group>"; };
		F2F7073A1607633700FCE6E3 /* Adobe AIR */ = {isa = PBXFileReference; lastKnownFileType = "compiled.mach-o.dylib"; name = "Adobe AIR"; path = "../../../../Applications/Adobe Flash Builder 4.6/sdks/4.6.0/runtimes/air/mac/Adobe AIR.framework/Versions/1.0/Adobe AIR"; sourceTree = "<group>"; };
		F2F7073C160764EF00FCE6E3 /* ANE_OSX.c */ = {isa = PBXFileReference; fileEncoding = 4; lastKnownFileType = sourcecode.c.c; path = ANE_OSX.c; sourceTree = "<group>"; };
/* End PBXFileReference section */

/* Begin PBXFrameworksBuildPhase section */
		F2F7070616075D6700FCE6E3 /* Frameworks */ = {
			isa = PBXFrameworksBuildPhase;
			buildActionMask = 2147483647;
			files = (
				F2F7073B1607633700FCE6E3 /* Adobe AIR in Frameworks */,
				F2F7070E16075D6700FCE6E3 /* Cocoa.framework in Frameworks */,
			);
			runOnlyForDeploymentPostprocessing = 0;
		};
		F2F7071E16075D6700FCE6E3 /* Frameworks */ = {
			isa = PBXFrameworksBuildPhase;
			buildActionMask = 2147483647;
			files = (
				F2F7072416075D6700FCE6E3 /* SenTestingKit.framework in Frameworks */,
				F2F7072516075D6700FCE6E3 /* Cocoa.framework in Frameworks */,
				F2F7072816075D6700FCE6E3 /* ANE_OSX.framework in Frameworks */,
			);
			runOnlyForDeploymentPostprocessing = 0;
		};
/* End PBXFrameworksBuildPhase section */

/* Begin PBXGroup section */
		F2F706FE16075D6700FCE6E3 = {
			isa = PBXGroup;
			children = (
				F2F7073A1607633700FCE6E3 /* Adobe AIR */,
				F2F7071316075D6700FCE6E3 /* ANE_OSX */,
				F2F7072916075D6700FCE6E3 /* ANE_OSXTests */,
				F2F7070C16075D6700FCE6E3 /* Frameworks */,
				F2F7070B16075D6700FCE6E3 /* Products */,
			);
			sourceTree = "<group>";
		};
		F2F7070B16075D6700FCE6E3 /* Products */ = {
			isa = PBXGroup;
			children = (
				F2F7070A16075D6700FCE6E3 /* ANE_OSX.framework */,
				F2F7072216075D6700FCE6E3 /* ANE_OSXTests.octest */,
			);
			name = Products;
			sourceTree = "<group>";
		};
		F2F7070C16075D6700FCE6E3 /* Frameworks */ = {
			isa = PBXGroup;
			children = (
				F2F7070D16075D6700FCE6E3 /* Cocoa.framework */,
				F2F7072316075D6700FCE6E3 /* SenTestingKit.framework */,
				F2F7070F16075D6700FCE6E3 /* Other Frameworks */,
			);
			name = Frameworks;
			sourceTree = "<group>";
		};
		F2F7070F16075D6700FCE6E3 /* Other Frameworks */ = {
			isa = PBXGroup;
			children = (
				F2F7071016075D6700FCE6E3 /* AppKit.framework */,
				F2F7071116075D6700FCE6E3 /* CoreData.framework */,
				F2F7071216075D6700FCE6E3 /* Foundation.framework */,
			);
			name = "Other Frameworks";
			sourceTree = "<group>";
		};
		F2F7071316075D6700FCE6E3 /* ANE_OSX */ = {
			isa = PBXGroup;
			children = (
				F2F7071A16075D6700FCE6E3 /* ANE_OSX.h */,
				F2F7073C160764EF00FCE6E3 /* ANE_OSX.c */,
				F2F7071B16075D6700FCE6E3 /* ANE_OSX.m */,
				F2F7071416075D6700FCE6E3 /* Supporting Files */,
			);
			path = ANE_OSX;
			sourceTree = "<group>";
		};
		F2F7071416075D6700FCE6E3 /* Supporting Files */ = {
			isa = PBXGroup;
			children = (
				F2F7071516075D6700FCE6E3 /* ANE_OSX-Info.plist */,
				F2F7071616075D6700FCE6E3 /* InfoPlist.strings */,
				F2F7071916075D6700FCE6E3 /* ANE_OSX-Prefix.pch */,
			);
			name = "Supporting Files";
			sourceTree = "<group>";
		};
		F2F7072916075D6700FCE6E3 /* ANE_OSXTests */ = {
			isa = PBXGroup;
			children = (
				F2F7072F16075D6700FCE6E3 /* ANE_OSXTests.h */,
				F2F7073016075D6700FCE6E3 /* ANE_OSXTests.m */,
				F2F7072A16075D6700FCE6E3 /* Supporting Files */,
			);
			path = ANE_OSXTests;
			sourceTree = "<group>";
		};
		F2F7072A16075D6700FCE6E3 /* Supporting Files */ = {
			isa = PBXGroup;
			children = (
				F2F7072B16075D6700FCE6E3 /* ANE_OSXTests-Info.plist */,
				F2F7072C16075D6700FCE6E3 /* InfoPlist.strings */,
			);
			name = "Supporting Files";
			sourceTree = "<group>";
		};
/* End PBXGroup section */

/* Begin PBXHeadersBuildPhase section */
		F2F7070716075D6700FCE6E3 /* Headers */ = {
			isa = PBXHeadersBuildPhase;
			buildActionMask = 2147483647;
			files = (
			);
			runOnlyForDeploymentPostprocessing = 0;
		};
/* End PBXHeadersBuildPhase section */

/* Begin PBXNativeTarget section */
		F2F7070916075D6700FCE6E3 /* ANE_OSX */ = {
			isa = PBXNativeTarget;
			buildConfigurationList = F2F7073416075D6700FCE6E3 /* Build configuration list for PBXNativeTarget "ANE_OSX" */;
			buildPhases = (
				F2F7070516075D6700FCE6E3 /* Sources */,
				F2F7070616075D6700FCE6E3 /* Frameworks */,
				F2F7070716075D6700FCE6E3 /* Headers */,
				F2F7070816075D6700FCE6E3 /* Resources */,
			);
			buildRules = (
			);
			dependencies = (
			);
			name = ANE_OSX;
			productName = ANE_OSX;
			productReference = F2F7070A16075D6700FCE6E3 /* ANE_OSX.framework */;
			productType = "com.apple.product-type.framework";
		};
		F2F7072116075D6700FCE6E3 /* ANE_OSXTests */ = {
			isa = PBXNativeTarget;
			buildConfigurationList = F2F7073716075D6700FCE6E3 /* Build configuration list for PBXNativeTarget "ANE_OSXTests" */;
			buildPhases = (
				F2F7071D16075D6700FCE6E3 /* Sources */,
				F2F7071E16075D6700FCE6E3 /* Frameworks */,
				F2F7071F16075D6700FCE6E3 /* Resources */,
				F2F7072016075D6700FCE6E3 /* ShellScript */,
			);
			buildRules = (
			);
			dependencies = (
				F2F7072716075D6700FCE6E3 /* PBXTargetDependency */,
			);
			name = ANE_OSXTests;
			productName = ANE_OSXTests;
			productReference = F2F7072216075D6700FCE6E3 /* ANE_OSXTests.octest */;
			productType = "com.apple.product-type.bundle";
		};
/* End PBXNativeTarget section */

/* Begin PBXProject section */
		F2F7070016075D6700FCE6E3 /* Project object */ = {
			isa = PBXProject;
			attributes = {
				LastUpgradeCheck = 0440;
				ORGANIZATIONNAME = "Jeff Larcomb";
			};
			buildConfigurationList = F2F7070316075D6700FCE6E3 /* Build configuration list for PBXProject "ANE_OSX" */;
			compatibilityVersion = "Xcode 3.2";
			developmentRegion = English;
			hasScannedForEncodings = 0;
			knownRegions = (
				en,
			);
			mainGroup = F2F706FE16075D6700FCE6E3;
			productRefGroup = F2F7070B16075D6700FCE6E3 /* Products */;
			projectDirPath = "";
			projectRoot = "";
			targets = (
				F2F7070916075D6700FCE6E3 /* ANE_OSX */,
				F2F7072116075D6700FCE6E3 /* ANE_OSXTests */,
			);
		};
/* End PBXProject section */

/* Begin PBXResourcesBuildPhase section */
		F2F7070816075D6700FCE6E3 /* Resources */ = {
			isa = PBXResourcesBuildPhase;
			buildActionMask = 2147483647;
			files = (
				F2F7071816075D6700FCE6E3 /* InfoPlist.strings in Resources */,
			);
			runOnlyForDeploymentPostprocessing = 0;
		};
		F2F7071F16075D6700FCE6E3 /* Resources */ = {
			isa = PBXResourcesBuildPhase;
			buildActionMask = 2147483647;
			files = (
				F2F7072E16075D6700FCE6E3 /* InfoPlist.strings in Resources */,
			);
			runOnlyForDeploymentPostprocessing = 0;
		};
/* End PBXResourcesBuildPhase section */

/* Begin PBXShellScriptBuildPhase section */
		F2F7072016075D6700FCE6E3 /* ShellScript */ = {
			isa = PBXShellScriptBuildPhase;
			buildActionMask = 2147483647;
			files = (
			);
			inputPaths = (
			);
			outputPaths = (
			);
			runOnlyForDeploymentPostprocessing = 0;
			shellPath = /bin/sh;
			shellScript = "# Run the unit tests in this test bundle.\n\"${SYSTEM_DEVELOPER_DIR}/Tools/RunUnitTests\"\n";
		};
/* End PBXShellScriptBuildPhase section */

/* Begin PBXSourcesBuildPhase section */
		F2F7070516075D6700FCE6E3 /* Sources */ = {
			isa = PBXSourcesBuildPhase;
			buildActionMask = 2147483647;
			files = (
				F2F7071C16075D6700FCE6E3 /* ANE_OSX.m in Sources */,
				F2F7073E160764EF00FCE6E3 /* ANE_OSX.c in Sources */,
			);
			runOnlyForDeploymentPostprocessing = 0;
		};
		F2F7071D16075D6700FCE6E3 /* Sources */ = {
			isa = PBXSourcesBuildPhase;
			buildActionMask = 2147483647;
			files = (
				F2F7073116075D6700FCE6E3 /* ANE_OSXTests.m in Sources */,
			);
			runOnlyForDeploymentPostprocessing = 0;
		};
/* End PBXSourcesBuildPhase section */

/* Begin PBXTargetDependency section */
		F2F7072716075D6700FCE6E3 /* PBXTargetDependency */ = {
			isa = PBXTargetDependency;
			target = F2F7070916075D6700FCE6E3 /* ANE_OSX */;
			targetProxy = F2F7072616075D6700FCE6E3 /* PBXContainerItemProxy */;
		};
/* End PBXTargetDependency section */

/* Begin PBXVariantGroup section */
		F2F7071616075D6700FCE6E3 /* InfoPlist.strings */ = {
			isa = PBXVariantGroup;
			children = (
				F2F7071716075D6700FCE6E3 /* en */,
			);
			name = InfoPlist.strings;
			sourceTree = "<group>";
		};
		F2F7072C16075D6700FCE6E3 /* InfoPlist.strings */ = {
			isa = PBXVariantGroup;
			children = (
				F2F7072D16075D6700FCE6E3 /* en */,
			);
			name = InfoPlist.strings;
			sourceTree = "<group>";
		};
/* End PBXVariantGroup section */

/* Begin XCBuildConfiguration section */
		F2F7073216075D6700FCE6E3 /* Debug */ = {
			isa = XCBuildConfiguration;
			buildSettings = {
				ALWAYS_SEARCH_USER_PATHS = NO;
				ARCHS = "$(ARCHS_STANDARD_64_BIT)";
				CLANG_CXX_LANGUAGE_STANDARD = "gnu++0x";
				CLANG_ENABLE_OBJC_ARC = YES;
				CLANG_WARN__DUPLICATE_METHOD_MATCH = YES;
				COPY_PHASE_STRIP = NO;
				GCC_C_LANGUAGE_STANDARD = gnu99;
				GCC_DYNAMIC_NO_PIC = NO;
				GCC_ENABLE_OBJC_EXCEPTIONS = YES;
				GCC_OPTIMIZATION_LEVEL = 0;
				GCC_PREPROCESSOR_DEFINITIONS = (
					"DEBUG=1",
					"$(inherited)",
				);
				GCC_SYMBOLS_PRIVATE_EXTERN = NO;
				GCC_WARN_64_TO_32_BIT_CONVERSION = YES;
				GCC_WARN_ABOUT_RETURN_TYPE = YES;
				GCC_WARN_UNINITIALIZED_AUTOS = YES;
				GCC_WARN_UNUSED_VARIABLE = YES;
				MACOSX_DEPLOYMENT_TARGET = 10.7;
				ONLY_ACTIVE_ARCH = YES;
				SDKROOT = macosx;
			};
			name = Debug;
		};
		F2F7073316075D6700FCE6E3 /* Release */ = {
			isa = XCBuildConfiguration;
			buildSettings = {
				ALWAYS_SEARCH_USER_PATHS = NO;
				ARCHS = "$(ARCHS_STANDARD_64_BIT)";
				CLANG_CXX_LANGUAGE_STANDARD = "gnu++0x";
				CLANG_ENABLE_OBJC_ARC = YES;
				CLANG_WARN__DUPLICATE_METHOD_MATCH = YES;
				COPY_PHASE_STRIP = YES;
				DEBUG_INFORMATION_FORMAT = "dwarf-with-dsym";
				GCC_C_LANGUAGE_STANDARD = gnu99;
				GCC_ENABLE_OBJC_EXCEPTIONS = YES;
				GCC_WARN_64_TO_32_BIT_CONVERSION = YES;
				GCC_WARN_ABOUT_RETURN_TYPE = YES;
				GCC_WARN_UNINITIALIZED_AUTOS = YES;
				GCC_WARN_UNUSED_VARIABLE = YES;
				MACOSX_DEPLOYMENT_TARGET = 10.7;
				SDKROOT = macosx;
			};
			name = Release;
		};
		F2F7073516075D6700FCE6E3 /* Debug */ = {
			isa = XCBuildConfiguration;
			buildSettings = {
				COMBINE_HIDPI_IMAGES = YES;
				DYLIB_COMPATIBILITY_VERSION = 1;
				DYLIB_CURRENT_VERSION = 1;
				FRAMEWORK_VERSION = A;
				GCC_PRECOMPILE_PREFIX_HEADER = YES;
				GCC_PREFIX_HEADER = "ANE_OSX/ANE_OSX-Prefix.pch";
				INFOPLIST_FILE = "ANE_OSX/ANE_OSX-Info.plist";
				LIBRARY_SEARCH_PATHS = (
					"$(inherited)",
					"\"$(SYSTEM_APPS_DIR)/Adobe Flash Builder 4.6/sdks/4.6.0/runtimes/air/mac/Adobe AIR.framework/Versions/1.0\"",
				);
				PRODUCT_NAME = "$(TARGET_NAME)";
				WRAPPER_EXTENSION = framework;
			};
			name = Debug;
		};
		F2F7073616075D6700FCE6E3 /* Release */ = {
			isa = XCBuildConfiguration;
			buildSettings = {
				COMBINE_HIDPI_IMAGES = YES;
				DYLIB_COMPATIBILITY_VERSION = 1;
				DYLIB_CURRENT_VERSION = 1;
				FRAMEWORK_VERSION = A;
				GCC_PRECOMPILE_PREFIX_HEADER = YES;
				GCC_PREFIX_HEADER = "ANE_OSX/ANE_OSX-Prefix.pch";
				INFOPLIST_FILE = "ANE_OSX/ANE_OSX-Info.plist";
				LIBRARY_SEARCH_PATHS = (
					"$(inherited)",
					"\"$(SYSTEM_APPS_DIR)/Adobe Flash Builder 4.6/sdks/4.6.0/runtimes/air/mac/Adobe AIR.framework/Versions/1.0\"",
				);
				PRODUCT_NAME = "$(TARGET_NAME)";
				WRAPPER_EXTENSION = framework;
			};
			name = Release;
		};
		F2F7073816075D6700FCE6E3 /* Debug */ = {
			isa = XCBuildConfiguration;
			buildSettings = {
				COMBINE_HIDPI_IMAGES = YES;
				FRAMEWORK_SEARCH_PATHS = "\"$(DEVELOPER_LIBRARY_DIR)/Frameworks\"";
				GCC_PRECOMPILE_PREFIX_HEADER = YES;
				GCC_PREFIX_HEADER = "ANE_OSX/ANE_OSX-Prefix.pch";
				INFOPLIST_FILE = "ANE_OSXTests/ANE_OSXTests-Info.plist";
				PRODUCT_NAME = "$(TARGET_NAME)";
				WRAPPER_EXTENSION = octest;
			};
			name = Debug;
		};
		F2F7073916075D6700FCE6E3 /* Release */ = {
			isa = XCBuildConfiguration;
			buildSettings = {
				COMBINE_HIDPI_IMAGES = YES;
				FRAMEWORK_SEARCH_PATHS = "\"$(DEVELOPER_LIBRARY_DIR)/Frameworks\"";
				GCC_PRECOMPILE_PREFIX_HEADER = YES;
				GCC_PREFIX_HEADER = "ANE_OSX/ANE_OSX-Prefix.pch";
				INFOPLIST_FILE = "ANE_OSXTests/ANE_OSXTests-Info.plist";
				PRODUCT_NAME = "$(TARGET_NAME)";
				WRAPPER_EXTENSION = octest;
			};
			name = Release;
		};
/* End XCBuildConfiguration section */

/* Begin XCConfigurationList section */
		F2F7070316075D6700FCE6E3 /* Build configuration list for PBXProject "ANE_OSX" */ = {
			isa = XCConfigurationList;
			buildConfigurations = (
				F2F7073216075D6700FCE6E3 /* Debug */,
				F2F7073316075D6700FCE6E3 /* Release */,
			);
			defaultConfigurationIsVisible = 0;
			defaultConfigurationName = Release;
		};
		F2F7073416075D6700FCE6E3 /* Build configuration list for PBXNativeTarget "ANE_OSX" */ = {
			isa = XCConfigurationList;
			buildConfigurations = (
				F2F7073516075D6700FCE6E3 /* Debug */,
				F2F7073616075D6700FCE6E3 /* Release */,
			);
			defaultConfigurationIsVisible = 0;
		};
		F2F7073716075D6700FCE6E3 /* Build configuration list for PBXNativeTarget "ANE_OSXTests" */ = {
			isa = XCConfigurationList;
			buildConfigurations = (
				F2F7073816075D6700FCE6E3 /* Debug */,
				F2F7073916075D6700FCE6E3 /* Release */,
			);
			defaultConfigurationIsVisible = 0;
		};
/* End XCConfigurationList section */
	};
	rootObject = F2F7070016075D6700FCE6E3 /* Project object */;
}
